// !$*UTF8*$!
{
	archiveVersion = 1;
	classes = {
	};
	objectVersion = 46;
	objects = {

/* Begin PBXBuildFile section */
		1971F3BD1B8289B900877FEC /* CategoriesViewController.m in Sources */ = {isa = PBXBuildFile; fileRef = 1971F3BC1B8289B900877FEC /* CategoriesViewController.m */; };
		1971F3C01B828D3200877FEC /* MapViewController.m in Sources */ = {isa = PBXBuildFile; fileRef = 1971F3BF1B828D3200877FEC /* MapViewController.m */; };
		FD1CC7151B8397C7003CE77A /* SearchPostsViewController.m in Sources */ = {isa = PBXBuildFile; fileRef = FD1CC7141B8397C7003CE77A /* SearchPostsViewController.m */; };
		FD1CC71B1B83A148003CE77A /* SearchTableViewCustomVCell.m in Sources */ = {isa = PBXBuildFile; fileRef = FD1CC71A1B83A148003CE77A /* SearchTableViewCustomVCell.m */; };
		FD1CC71E1B83B731003CE77A /* AllImagesViewController.m in Sources */ = {isa = PBXBuildFile; fileRef = FD1CC71D1B83B731003CE77A /* AllImagesViewController.m */; };
		FD1CC7211B83B794003CE77A /* AllImageCollectionViewCell.m in Sources */ = {isa = PBXBuildFile; fileRef = FD1CC7201B83B794003CE77A /* AllImageCollectionViewCell.m */; };
		FD22A65C1B824FB8001C30E4 /* main.m in Sources */ = {isa = PBXBuildFile; fileRef = FD22A65B1B824FB8001C30E4 /* main.m */; };
		FD22A65F1B824FB8001C30E4 /* AppDelegate.m in Sources */ = {isa = PBXBuildFile; fileRef = FD22A65E1B824FB8001C30E4 /* AppDelegate.m */; };
		FD22A6651B824FB9001C30E4 /* Main.storyboard in Resources */ = {isa = PBXBuildFile; fileRef = FD22A6631B824FB8001C30E4 /* Main.storyboard */; };
		FD22A6671B824FB9001C30E4 /* Images.xcassets in Resources */ = {isa = PBXBuildFile; fileRef = FD22A6661B824FB9001C30E4 /* Images.xcassets */; };
		FD22A66A1B824FB9001C30E4 /* LaunchScreen.xib in Resources */ = {isa = PBXBuildFile; fileRef = FD22A6681B824FB9001C30E4 /* LaunchScreen.xib */; };
		FD22A6761B824FB9001C30E4 /* ShareTests.m in Sources */ = {isa = PBXBuildFile; fileRef = FD22A6751B824FB9001C30E4 /* ShareTests.m */; };
		FD22A6801B825EBD001C30E4 /* MapKit.framework in Frameworks */ = {isa = PBXBuildFile; fileRef = FD22A67F1B825EBD001C30E4 /* MapKit.framework */; };
		FD22A6901B827E7B001C30E4 /* LogInViewController.m in Sources */ = {isa = PBXBuildFile; fileRef = FD22A68F1B827E7B001C30E4 /* LogInViewController.m */; };
		FD22A6981B828EFD001C30E4 /* FBSDKCoreKit.framework in Frameworks */ = {isa = PBXBuildFile; fileRef = FD22A6951B828EFD001C30E4 /* FBSDKCoreKit.framework */; };
		FD22A6991B828EFD001C30E4 /* FBSDKLoginKit.framework in Frameworks */ = {isa = PBXBuildFile; fileRef = FD22A6961B828EFD001C30E4 /* FBSDKLoginKit.framework */; };
		FD22A69A1B828EFD001C30E4 /* FBSDKShareKit.framework in Frameworks */ = {isa = PBXBuildFile; fileRef = FD22A6971B828EFD001C30E4 /* FBSDKShareKit.framework */; };
		FD22A6A31B829189001C30E4 /* Bolts.framework in Frameworks */ = {isa = PBXBuildFile; fileRef = FD22A69C1B829189001C30E4 /* Bolts.framework */; };
		FD22A6A41B829189001C30E4 /* Parse.framework in Frameworks */ = {isa = PBXBuildFile; fileRef = FD22A69D1B829189001C30E4 /* Parse.framework */; };
		FD22A6A51B829189001C30E4 /* ParseCrashReporting.framework in Frameworks */ = {isa = PBXBuildFile; fileRef = FD22A69E1B829189001C30E4 /* ParseCrashReporting.framework */; };
		FD22A6A61B829189001C30E4 /* ParseFacebookUtils.framework in Frameworks */ = {isa = PBXBuildFile; fileRef = FD22A69F1B829189001C30E4 /* ParseFacebookUtils.framework */; };
		FD22A6A71B829189001C30E4 /* ParseFacebookUtilsV4.framework in Frameworks */ = {isa = PBXBuildFile; fileRef = FD22A6A01B829189001C30E4 /* ParseFacebookUtilsV4.framework */; };
		FD22A6A81B829189001C30E4 /* ParseTwitterUtils.framework in Frameworks */ = {isa = PBXBuildFile; fileRef = FD22A6A11B829189001C30E4 /* ParseTwitterUtils.framework */; };
		FD22A6A91B829189001C30E4 /* ParseUI.framework in Frameworks */ = {isa = PBXBuildFile; fileRef = FD22A6A21B829189001C30E4 /* ParseUI.framework */; };
		FD22A6AB1B82956E001C30E4 /* ParseFacebookUtilsV4.framework in Frameworks */ = {isa = PBXBuildFile; fileRef = FD22A6AA1B82956E001C30E4 /* ParseFacebookUtilsV4.framework */; };
		FD22A6AD1B829653001C30E4 /* Accounts.framework in Frameworks */ = {isa = PBXBuildFile; fileRef = FD22A6AC1B829653001C30E4 /* Accounts.framework */; };
		FD22A6AF1B82966E001C30E4 /* CFNetwork.framework in Frameworks */ = {isa = PBXBuildFile; fileRef = FD22A6AE1B82966E001C30E4 /* CFNetwork.framework */; };
		FD22A6B11B829676001C30E4 /* CoreGraphics.framework in Frameworks */ = {isa = PBXBuildFile; fileRef = FD22A6B01B829676001C30E4 /* CoreGraphics.framework */; };
		FD22A6B31B82967E001C30E4 /* CoreLocation.framework in Frameworks */ = {isa = PBXBuildFile; fileRef = FD22A6B21B82967E001C30E4 /* CoreLocation.framework */; };
		FD22A6B51B82968C001C30E4 /* QuartzCore.framework in Frameworks */ = {isa = PBXBuildFile; fileRef = FD22A6B41B82968C001C30E4 /* QuartzCore.framework */; };
		FD22A6B71B829695001C30E4 /* Security.framework in Frameworks */ = {isa = PBXBuildFile; fileRef = FD22A6B61B829695001C30E4 /* Security.framework */; };
		FD22A6B91B82969F001C30E4 /* Social.framework in Frameworks */ = {isa = PBXBuildFile; fileRef = FD22A6B81B82969F001C30E4 /* Social.framework */; };
		FD22A6BB1B8296AA001C30E4 /* StoreKit.framework in Frameworks */ = {isa = PBXBuildFile; fileRef = FD22A6BA1B8296AA001C30E4 /* StoreKit.framework */; };
		FD22A6BD1B8296BB001C30E4 /* SystemConfiguration.framework in Frameworks */ = {isa = PBXBuildFile; fileRef = FD22A6BC1B8296BB001C30E4 /* SystemConfiguration.framework */; };
		FD22A6BF1B8296D4001C30E4 /* libz.dylib in Frameworks */ = {isa = PBXBuildFile; fileRef = FD22A6BE1B8296D4001C30E4 /* libz.dylib */; };
		FD22A6C11B8296E4001C30E4 /* libsqlite3.dylib in Frameworks */ = {isa = PBXBuildFile; fileRef = FD22A6C01B8296E4001C30E4 /* libsqlite3.dylib */; };
		FD22A6C31B829720001C30E4 /* AudioToolbox.framework in Frameworks */ = {isa = PBXBuildFile; fileRef = FD22A6C21B829720001C30E4 /* AudioToolbox.framework */; };
		FD22A6C91B82C831001C30E4 /* SignUpViewController.m in Sources */ = {isa = PBXBuildFile; fileRef = FD22A6C81B82C831001C30E4 /* SignUpViewController.m */; };
		FD5788E61B8BEE5700CDD962 /* ShareItViewController.m in Sources */ = {isa = PBXBuildFile; fileRef = FD5788E51B8BEE5700CDD962 /* ShareItViewController.m */; };
		FD78C62E1B94CD660037930F /* PFQueryObjects.m in Sources */ = {isa = PBXBuildFile; fileRef = FD78C62D1B94CD660037930F /* PFQueryObjects.m */; };
		FD78C6361B95EC8A0037930F /* SharePostAnnotation.m in Sources */ = {isa = PBXBuildFile; fileRef = FD78C6351B95EC8A0037930F /* SharePostAnnotation.m */; };
		FD78C66B1B9692FE0037930F /* ProfileSettingsViewController.m in Sources */ = {isa = PBXBuildFile; fileRef = FD78C66A1B9692FE0037930F /* ProfileSettingsViewController.m */; };
		FDB9B8261B90CB1500C45EEC /* DetailPostInformationViewController.m in Sources */ = {isa = PBXBuildFile; fileRef = FDB9B8251B90CB1500C45EEC /* DetailPostInformationViewController.m */; };
		FDB9B9231B932EB200C45EEC /* LaunchScreenViewController.m in Sources */ = {isa = PBXBuildFile; fileRef = FDB9B9221B932EB200C45EEC /* LaunchScreenViewController.m */; };
		FDB9B9281B93350D00C45EEC /* CustomView.m in Sources */ = {isa = PBXBuildFile; fileRef = FDB9B9251B93350D00C45EEC /* CustomView.m */; };
		FDB9B9291B93350D00C45EEC /* QCMethod.m in Sources */ = {isa = PBXBuildFile; fileRef = FDB9B9271B93350D00C45EEC /* QCMethod.m */; };
		FDDFB15E1B8447310015EE4D /* ProfileCollectionViewCell.m in Sources */ = {isa = PBXBuildFile; fileRef = FDDFB15D1B8447310015EE4D /* ProfileCollectionViewCell.m */; };
		FDDFB1611B84474F0015EE4D /* ProfileViewController.m in Sources */ = {isa = PBXBuildFile; fileRef = FDDFB1601B84474F0015EE4D /* ProfileViewController.m */; };
		FDDFB1641B84DCC60015EE4D /* ProfileTableViewCell.m in Sources */ = {isa = PBXBuildFile; fileRef = FDDFB1631B84DCC60015EE4D /* ProfileTableViewCell.m */; };
		FDDFB1691B850D2F0015EE4D /* MessagesViewController.m in Sources */ = {isa = PBXBuildFile; fileRef = FDDFB1681B850D2F0015EE4D /* MessagesViewController.m */; };
/* End PBXBuildFile section */

/* Begin PBXContainerItemProxy section */
		FD22A6701B824FB9001C30E4 /* PBXContainerItemProxy */ = {
			isa = PBXContainerItemProxy;
			containerPortal = FD22A64E1B824FB7001C30E4 /* Project object */;
			proxyType = 1;
			remoteGlobalIDString = FD22A6551B824FB7001C30E4;
			remoteInfo = Share;
		};
/* End PBXContainerItemProxy section */

/* Begin PBXFileReference section */
		1971F3BB1B8289B900877FEC /* CategoriesViewController.h */ = {isa = PBXFileReference; fileEncoding = 4; lastKnownFileType = sourcecode.c.h; path = CategoriesViewController.h; sourceTree = "<group>"; };
		1971F3BC1B8289B900877FEC /* CategoriesViewController.m */ = {isa = PBXFileReference; fileEncoding = 4; lastKnownFileType = sourcecode.c.objc; path = CategoriesViewController.m; sourceTree = "<group>"; };
		1971F3BE1B828D3200877FEC /* MapViewController.h */ = {isa = PBXFileReference; fileEncoding = 4; lastKnownFileType = sourcecode.c.h; path = MapViewController.h; sourceTree = "<group>"; };
		1971F3BF1B828D3200877FEC /* MapViewController.m */ = {isa = PBXFileReference; fileEncoding = 4; lastKnownFileType = sourcecode.c.objc; path = MapViewController.m; sourceTree = "<group>"; };
		FD1CC7131B8397C7003CE77A /* SearchPostsViewController.h */ = {isa = PBXFileReference; fileEncoding = 4; lastKnownFileType = sourcecode.c.h; path = SearchPostsViewController.h; sourceTree = "<group>"; };
		FD1CC7141B8397C7003CE77A /* SearchPostsViewController.m */ = {isa = PBXFileReference; fileEncoding = 4; indentWidth = 0; lastKnownFileType = sourcecode.c.objc; path = SearchPostsViewController.m; sourceTree = "<group>"; tabWidth = 1; };
		FD1CC7191B83A148003CE77A /* SearchTableViewCustomVCell.h */ = {isa = PBXFileReference; fileEncoding = 4; lastKnownFileType = sourcecode.c.h; path = SearchTableViewCustomVCell.h; sourceTree = "<group>"; };
		FD1CC71A1B83A148003CE77A /* SearchTableViewCustomVCell.m */ = {isa = PBXFileReference; fileEncoding = 4; lastKnownFileType = sourcecode.c.objc; path = SearchTableViewCustomVCell.m; sourceTree = "<group>"; };
		FD1CC71C1B83B731003CE77A /* AllImagesViewController.h */ = {isa = PBXFileReference; fileEncoding = 4; lastKnownFileType = sourcecode.c.h; path = AllImagesViewController.h; sourceTree = "<group>"; };
		FD1CC71D1B83B731003CE77A /* AllImagesViewController.m */ = {isa = PBXFileReference; fileEncoding = 4; lastKnownFileType = sourcecode.c.objc; path = AllImagesViewController.m; sourceTree = "<group>"; };
		FD1CC71F1B83B794003CE77A /* AllImageCollectionViewCell.h */ = {isa = PBXFileReference; fileEncoding = 4; lastKnownFileType = sourcecode.c.h; path = AllImageCollectionViewCell.h; sourceTree = "<group>"; };
		FD1CC7201B83B794003CE77A /* AllImageCollectionViewCell.m */ = {isa = PBXFileReference; fileEncoding = 4; lastKnownFileType = sourcecode.c.objc; path = AllImageCollectionViewCell.m; sourceTree = "<group>"; };
		FD22A6561B824FB8001C30E4 /* Share.app */ = {isa = PBXFileReference; explicitFileType = wrapper.application; includeInIndex = 0; path = Share.app; sourceTree = BUILT_PRODUCTS_DIR; };
		FD22A65A1B824FB8001C30E4 /* Info.plist */ = {isa = PBXFileReference; lastKnownFileType = text.plist.xml; path = Info.plist; sourceTree = "<group>"; };
		FD22A65B1B824FB8001C30E4 /* main.m */ = {isa = PBXFileReference; lastKnownFileType = sourcecode.c.objc; path = main.m; sourceTree = "<group>"; };
		FD22A65D1B824FB8001C30E4 /* AppDelegate.h */ = {isa = PBXFileReference; lastKnownFileType = sourcecode.c.h; path = AppDelegate.h; sourceTree = "<group>"; };
		FD22A65E1B824FB8001C30E4 /* AppDelegate.m */ = {isa = PBXFileReference; lastKnownFileType = sourcecode.c.objc; path = AppDelegate.m; sourceTree = "<group>"; };
		FD22A6641B824FB8001C30E4 /* Base */ = {isa = PBXFileReference; lastKnownFileType = file.storyboard; name = Base; path = Base.lproj/Main.storyboard; sourceTree = "<group>"; };
		FD22A6661B824FB9001C30E4 /* Images.xcassets */ = {isa = PBXFileReference; lastKnownFileType = folder.assetcatalog; path = Images.xcassets; sourceTree = "<group>"; };
		FD22A6691B824FB9001C30E4 /* Base */ = {isa = PBXFileReference; lastKnownFileType = file.xib; name = Base; path = Base.lproj/LaunchScreen.xib; sourceTree = "<group>"; };
		FD22A66F1B824FB9001C30E4 /* ShareTests.xctest */ = {isa = PBXFileReference; explicitFileType = wrapper.cfbundle; includeInIndex = 0; path = ShareTests.xctest; sourceTree = BUILT_PRODUCTS_DIR; };
		FD22A6741B824FB9001C30E4 /* Info.plist */ = {isa = PBXFileReference; lastKnownFileType = text.plist.xml; path = Info.plist; sourceTree = "<group>"; };
		FD22A6751B824FB9001C30E4 /* ShareTests.m */ = {isa = PBXFileReference; lastKnownFileType = sourcecode.c.objc; path = ShareTests.m; sourceTree = "<group>"; };
		FD22A67F1B825EBD001C30E4 /* MapKit.framework */ = {isa = PBXFileReference; lastKnownFileType = wrapper.framework; name = MapKit.framework; path = System/Library/Frameworks/MapKit.framework; sourceTree = SDKROOT; };
		FD22A68E1B827E7B001C30E4 /* LogInViewController.h */ = {isa = PBXFileReference; fileEncoding = 4; lastKnownFileType = sourcecode.c.h; path = LogInViewController.h; sourceTree = SOURCE_ROOT; };
		FD22A68F1B827E7B001C30E4 /* LogInViewController.m */ = {isa = PBXFileReference; fileEncoding = 4; lastKnownFileType = sourcecode.c.objc; path = LogInViewController.m; sourceTree = SOURCE_ROOT; };
		FD22A6951B828EFD001C30E4 /* FBSDKCoreKit.framework */ = {isa = PBXFileReference; lastKnownFileType = wrapper.framework; path = FBSDKCoreKit.framework; sourceTree = "<group>"; };
		FD22A6961B828EFD001C30E4 /* FBSDKLoginKit.framework */ = {isa = PBXFileReference; lastKnownFileType = wrapper.framework; path = FBSDKLoginKit.framework; sourceTree = "<group>"; };
		FD22A6971B828EFD001C30E4 /* FBSDKShareKit.framework */ = {isa = PBXFileReference; lastKnownFileType = wrapper.framework; path = FBSDKShareKit.framework; sourceTree = "<group>"; };
		FD22A69C1B829189001C30E4 /* Bolts.framework */ = {isa = PBXFileReference; lastKnownFileType = wrapper.framework; name = Bolts.framework; path = Share/Bolts.framework; sourceTree = "<group>"; };
		FD22A69D1B829189001C30E4 /* Parse.framework */ = {isa = PBXFileReference; lastKnownFileType = wrapper.framework; name = Parse.framework; path = Share/Parse.framework; sourceTree = "<group>"; };
		FD22A69E1B829189001C30E4 /* ParseCrashReporting.framework */ = {isa = PBXFileReference; lastKnownFileType = wrapper.framework; name = ParseCrashReporting.framework; path = Share/ParseCrashReporting.framework; sourceTree = "<group>"; };
		FD22A69F1B829189001C30E4 /* ParseFacebookUtils.framework */ = {isa = PBXFileReference; lastKnownFileType = wrapper.framework; name = ParseFacebookUtils.framework; path = Share/ParseFacebookUtils.framework; sourceTree = "<group>"; };
		FD22A6A01B829189001C30E4 /* ParseFacebookUtilsV4.framework */ = {isa = PBXFileReference; lastKnownFileType = wrapper.framework; name = ParseFacebookUtilsV4.framework; path = Share/ParseFacebookUtilsV4.framework; sourceTree = "<group>"; };
		FD22A6A11B829189001C30E4 /* ParseTwitterUtils.framework */ = {isa = PBXFileReference; lastKnownFileType = wrapper.framework; name = ParseTwitterUtils.framework; path = Share/ParseTwitterUtils.framework; sourceTree = "<group>"; };
		FD22A6A21B829189001C30E4 /* ParseUI.framework */ = {isa = PBXFileReference; lastKnownFileType = wrapper.framework; name = ParseUI.framework; path = Share/ParseUI.framework; sourceTree = "<group>"; };
		FD22A6AA1B82956E001C30E4 /* ParseFacebookUtilsV4.framework */ = {isa = PBXFileReference; lastKnownFileType = wrapper.framework; name = ParseFacebookUtilsV4.framework; path = Share.xcodeproj/../Share/ParseFacebookUtilsV4.framework; sourceTree = "<group>"; };
		FD22A6AC1B829653001C30E4 /* Accounts.framework */ = {isa = PBXFileReference; lastKnownFileType = wrapper.framework; name = Accounts.framework; path = System/Library/Frameworks/Accounts.framework; sourceTree = SDKROOT; };
		FD22A6AE1B82966E001C30E4 /* CFNetwork.framework */ = {isa = PBXFileReference; lastKnownFileType = wrapper.framework; name = CFNetwork.framework; path = System/Library/Frameworks/CFNetwork.framework; sourceTree = SDKROOT; };
		FD22A6B01B829676001C30E4 /* CoreGraphics.framework */ = {isa = PBXFileReference; lastKnownFileType = wrapper.framework; name = CoreGraphics.framework; path = System/Library/Frameworks/CoreGraphics.framework; sourceTree = SDKROOT; };
		FD22A6B21B82967E001C30E4 /* CoreLocation.framework */ = {isa = PBXFileReference; lastKnownFileType = wrapper.framework; name = CoreLocation.framework; path = System/Library/Frameworks/CoreLocation.framework; sourceTree = SDKROOT; };
		FD22A6B41B82968C001C30E4 /* QuartzCore.framework */ = {isa = PBXFileReference; lastKnownFileType = wrapper.framework; name = QuartzCore.framework; path = System/Library/Frameworks/QuartzCore.framework; sourceTree = SDKROOT; };
		FD22A6B61B829695001C30E4 /* Security.framework */ = {isa = PBXFileReference; lastKnownFileType = wrapper.framework; name = Security.framework; path = System/Library/Frameworks/Security.framework; sourceTree = SDKROOT; };
		FD22A6B81B82969F001C30E4 /* Social.framework */ = {isa = PBXFileReference; lastKnownFileType = wrapper.framework; name = Social.framework; path = System/Library/Frameworks/Social.framework; sourceTree = SDKROOT; };
		FD22A6BA1B8296AA001C30E4 /* StoreKit.framework */ = {isa = PBXFileReference; lastKnownFileType = wrapper.framework; name = StoreKit.framework; path = System/Library/Frameworks/StoreKit.framework; sourceTree = SDKROOT; };
		FD22A6BC1B8296BB001C30E4 /* SystemConfiguration.framework */ = {isa = PBXFileReference; lastKnownFileType = wrapper.framework; name = SystemConfiguration.framework; path = System/Library/Frameworks/SystemConfiguration.framework; sourceTree = SDKROOT; };
		FD22A6BE1B8296D4001C30E4 /* libz.dylib */ = {isa = PBXFileReference; lastKnownFileType = "compiled.mach-o.dylib"; name = libz.dylib; path = usr/lib/libz.dylib; sourceTree = SDKROOT; };
		FD22A6C01B8296E4001C30E4 /* libsqlite3.dylib */ = {isa = PBXFileReference; lastKnownFileType = "compiled.mach-o.dylib"; name = libsqlite3.dylib; path = usr/lib/libsqlite3.dylib; sourceTree = SDKROOT; };
		FD22A6C21B829720001C30E4 /* AudioToolbox.framework */ = {isa = PBXFileReference; lastKnownFileType = wrapper.framework; name = AudioToolbox.framework; path = System/Library/Frameworks/AudioToolbox.framework; sourceTree = SDKROOT; };
		FD22A6C71B82C831001C30E4 /* SignUpViewController.h */ = {isa = PBXFileReference; fileEncoding = 4; lastKnownFileType = sourcecode.c.h; path = SignUpViewController.h; sourceTree = "<group>"; };
		FD22A6C81B82C831001C30E4 /* SignUpViewController.m */ = {isa = PBXFileReference; fileEncoding = 4; lastKnownFileType = sourcecode.c.objc; path = SignUpViewController.m; sourceTree = "<group>"; };
		FD5788E41B8BEE5700CDD962 /* ShareItViewController.h */ = {isa = PBXFileReference; fileEncoding = 4; lastKnownFileType = sourcecode.c.h; path = ShareItViewController.h; sourceTree = "<group>"; };
		FD5788E51B8BEE5700CDD962 /* ShareItViewController.m */ = {isa = PBXFileReference; fileEncoding = 4; lastKnownFileType = sourcecode.c.objc; path = ShareItViewController.m; sourceTree = "<group>"; };
		FD78C62C1B94CD660037930F /* PFQueryObjects.h */ = {isa = PBXFileReference; fileEncoding = 4; lastKnownFileType = sourcecode.c.h; path = PFQueryObjects.h; sourceTree = "<group>"; };
		FD78C62D1B94CD660037930F /* PFQueryObjects.m */ = {isa = PBXFileReference; fileEncoding = 4; lastKnownFileType = sourcecode.c.objc; path = PFQueryObjects.m; sourceTree = "<group>"; };
		FD78C6341B95EC8A0037930F /* SharePostAnnotation.h */ = {isa = PBXFileReference; fileEncoding = 4; lastKnownFileType = sourcecode.c.h; path = SharePostAnnotation.h; sourceTree = "<group>"; };
		FD78C6351B95EC8A0037930F /* SharePostAnnotation.m */ = {isa = PBXFileReference; fileEncoding = 4; lastKnownFileType = sourcecode.c.objc; path = SharePostAnnotation.m; sourceTree = "<group>"; };
		FD78C6691B9692FE0037930F /* ProfileSettingsViewController.h */ = {isa = PBXFileReference; fileEncoding = 4; lastKnownFileType = sourcecode.c.h; path = ProfileSettingsViewController.h; sourceTree = "<group>"; };
		FD78C66A1B9692FE0037930F /* ProfileSettingsViewController.m */ = {isa = PBXFileReference; fileEncoding = 4; lastKnownFileType = sourcecode.c.objc; path = ProfileSettingsViewController.m; sourceTree = "<group>"; };
		FDB9B8241B90CB1500C45EEC /* DetailPostInformationViewController.h */ = {isa = PBXFileReference; fileEncoding = 4; lastKnownFileType = sourcecode.c.h; name = DetailPostInformationViewController.h; path = ../DetailPostInformationViewController.h; sourceTree = "<group>"; };
		FDB9B8251B90CB1500C45EEC /* DetailPostInformationViewController.m */ = {isa = PBXFileReference; fileEncoding = 4; lastKnownFileType = sourcecode.c.objc; name = DetailPostInformationViewController.m; path = ../DetailPostInformationViewController.m; sourceTree = "<group>"; };
		FDB9B9211B932EB200C45EEC /* LaunchScreenViewController.h */ = {isa = PBXFileReference; fileEncoding = 4; lastKnownFileType = sourcecode.c.h; path = LaunchScreenViewController.h; sourceTree = "<group>"; };
		FDB9B9221B932EB200C45EEC /* LaunchScreenViewController.m */ = {isa = PBXFileReference; fileEncoding = 4; lastKnownFileType = sourcecode.c.objc; path = LaunchScreenViewController.m; sourceTree = "<group>"; };
		FDB9B9241B93350D00C45EEC /* CustomView.h */ = {isa = PBXFileReference; fileEncoding = 4; lastKnownFileType = sourcecode.c.h; path = CustomView.h; sourceTree = "<group>"; };
		FDB9B9251B93350D00C45EEC /* CustomView.m */ = {isa = PBXFileReference; fileEncoding = 4; lastKnownFileType = sourcecode.c.objc; path = CustomView.m; sourceTree = "<group>"; };
		FDB9B9261B93350D00C45EEC /* QCMethod.h */ = {isa = PBXFileReference; fileEncoding = 4; lastKnownFileType = sourcecode.c.h; path = QCMethod.h; sourceTree = "<group>"; };
		FDB9B9271B93350D00C45EEC /* QCMethod.m */ = {isa = PBXFileReference; fileEncoding = 4; lastKnownFileType = sourcecode.c.objc; path = QCMethod.m; sourceTree = "<group>"; };
		FDDFB15C1B8447310015EE4D /* ProfileCollectionViewCell.h */ = {isa = PBXFileReference; fileEncoding = 4; lastKnownFileType = sourcecode.c.h; path = ProfileCollectionViewCell.h; sourceTree = "<group>"; };
		FDDFB15D1B8447310015EE4D /* ProfileCollectionViewCell.m */ = {isa = PBXFileReference; fileEncoding = 4; lastKnownFileType = sourcecode.c.objc; path = ProfileCollectionViewCell.m; sourceTree = "<group>"; };
		FDDFB15F1B84474F0015EE4D /* ProfileViewController.h */ = {isa = PBXFileReference; fileEncoding = 4; lastKnownFileType = sourcecode.c.h; path = ProfileViewController.h; sourceTree = "<group>"; };
		FDDFB1601B84474F0015EE4D /* ProfileViewController.m */ = {isa = PBXFileReference; fileEncoding = 4; lastKnownFileType = sourcecode.c.objc; path = ProfileViewController.m; sourceTree = "<group>"; };
		FDDFB1621B84DCC60015EE4D /* ProfileTableViewCell.h */ = {isa = PBXFileReference; fileEncoding = 4; lastKnownFileType = sourcecode.c.h; path = ProfileTableViewCell.h; sourceTree = "<group>"; };
		FDDFB1631B84DCC60015EE4D /* ProfileTableViewCell.m */ = {isa = PBXFileReference; fileEncoding = 4; lastKnownFileType = sourcecode.c.objc; path = ProfileTableViewCell.m; sourceTree = "<group>"; };
		FDDFB1671B850D2F0015EE4D /* MessagesViewController.h */ = {isa = PBXFileReference; fileEncoding = 4; lastKnownFileType = sourcecode.c.h; name = MessagesViewController.h; path = ../MessagesViewController.h; sourceTree = "<group>"; };
		FDDFB1681B850D2F0015EE4D /* MessagesViewController.m */ = {isa = PBXFileReference; fileEncoding = 4; lastKnownFileType = sourcecode.c.objc; name = MessagesViewController.m; path = ../MessagesViewController.m; sourceTree = "<group>"; };
/* End PBXFileReference section */

/* Begin PBXFrameworksBuildPhase section */
		FD22A6531B824FB7001C30E4 /* Frameworks */ = {
			isa = PBXFrameworksBuildPhase;
			buildActionMask = 2147483647;
			files = (
				FD22A6801B825EBD001C30E4 /* MapKit.framework in Frameworks */,
				FD22A6C31B829720001C30E4 /* AudioToolbox.framework in Frameworks */,
				FD22A6C11B8296E4001C30E4 /* libsqlite3.dylib in Frameworks */,
				FD22A6BF1B8296D4001C30E4 /* libz.dylib in Frameworks */,
				FD22A6BD1B8296BB001C30E4 /* SystemConfiguration.framework in Frameworks */,
				FD22A6BB1B8296AA001C30E4 /* StoreKit.framework in Frameworks */,
				FD22A6B91B82969F001C30E4 /* Social.framework in Frameworks */,
				FD22A6B71B829695001C30E4 /* Security.framework in Frameworks */,
				FD22A6B51B82968C001C30E4 /* QuartzCore.framework in Frameworks */,
				FD22A6B31B82967E001C30E4 /* CoreLocation.framework in Frameworks */,
				FD22A6B11B829676001C30E4 /* CoreGraphics.framework in Frameworks */,
				FD22A6AF1B82966E001C30E4 /* CFNetwork.framework in Frameworks */,
				FD22A6AD1B829653001C30E4 /* Accounts.framework in Frameworks */,
				FD22A6A91B829189001C30E4 /* ParseUI.framework in Frameworks */,
				FD22A6A31B829189001C30E4 /* Bolts.framework in Frameworks */,
				FD22A6AB1B82956E001C30E4 /* ParseFacebookUtilsV4.framework in Frameworks */,
				FD22A6981B828EFD001C30E4 /* FBSDKCoreKit.framework in Frameworks */,
				FD22A6991B828EFD001C30E4 /* FBSDKLoginKit.framework in Frameworks */,
				FD22A69A1B828EFD001C30E4 /* FBSDKShareKit.framework in Frameworks */,
				FD22A6A81B829189001C30E4 /* ParseTwitterUtils.framework in Frameworks */,
				FD22A6A41B829189001C30E4 /* Parse.framework in Frameworks */,
				FD22A6A71B829189001C30E4 /* ParseFacebookUtilsV4.framework in Frameworks */,
				FD22A6A51B829189001C30E4 /* ParseCrashReporting.framework in Frameworks */,
				FD22A6A61B829189001C30E4 /* ParseFacebookUtils.framework in Frameworks */,
			);
			runOnlyForDeploymentPostprocessing = 0;
		};
		FD22A66C1B824FB9001C30E4 /* Frameworks */ = {
			isa = PBXFrameworksBuildPhase;
			buildActionMask = 2147483647;
			files = (
			);
			runOnlyForDeploymentPostprocessing = 0;
		};
/* End PBXFrameworksBuildPhase section */

/* Begin PBXGroup section */
		FD22A64D1B824FB7001C30E4 = {
			isa = PBXGroup;
			children = (
				FD22A6581B824FB8001C30E4 /* Share */,
				FD22A6721B824FB9001C30E4 /* ShareTests */,
				FD22A6571B824FB8001C30E4 /* Products */,
			);
			sourceTree = "<group>";
		};
		FD22A6571B824FB8001C30E4 /* Products */ = {
			isa = PBXGroup;
			children = (
				FD22A6561B824FB8001C30E4 /* Share.app */,
				FD22A66F1B824FB9001C30E4 /* ShareTests.xctest */,
			);
			name = Products;
			sourceTree = "<group>";
		};
		FD22A6581B824FB8001C30E4 /* Share */ = {
			isa = PBXGroup;
			children = (
				FD78C6321B95216C0037930F /* AnimationLaunchScreen */,
				FDDFB16A1B850D4E0015EE4D /* Model */,
				FD22A6631B824FB8001C30E4 /* Main.storyboard */,
				FD22A65D1B824FB8001C30E4 /* AppDelegate.h */,
				FD22A65E1B824FB8001C30E4 /* AppDelegate.m */,
				FD22A6C71B82C831001C30E4 /* SignUpViewController.h */,
				FD22A6C81B82C831001C30E4 /* SignUpViewController.m */,
				FD22A68E1B827E7B001C30E4 /* LogInViewController.h */,
				FD22A68F1B827E7B001C30E4 /* LogInViewController.m */,
				1971F3BB1B8289B900877FEC /* CategoriesViewController.h */,
				1971F3BC1B8289B900877FEC /* CategoriesViewController.m */,
				1971F3BE1B828D3200877FEC /* MapViewController.h */,
				1971F3BF1B828D3200877FEC /* MapViewController.m */,
				FDDFB15F1B84474F0015EE4D /* ProfileViewController.h */,
				FDDFB1601B84474F0015EE4D /* ProfileViewController.m */,
				FD5788E41B8BEE5700CDD962 /* ShareItViewController.h */,
				FD5788E51B8BEE5700CDD962 /* ShareItViewController.m */,
				FD78C6691B9692FE0037930F /* ProfileSettingsViewController.h */,
				FD78C66A1B9692FE0037930F /* ProfileSettingsViewController.m */,
				FDB9B8241B90CB1500C45EEC /* DetailPostInformationViewController.h */,
				FDB9B8251B90CB1500C45EEC /* DetailPostInformationViewController.m */,
				FD1CC7131B8397C7003CE77A /* SearchPostsViewController.h */,
				FD1CC7141B8397C7003CE77A /* SearchPostsViewController.m */,
				FD1CC71C1B83B731003CE77A /* AllImagesViewController.h */,
				FD1CC71D1B83B731003CE77A /* AllImagesViewController.m */,
				FDDFB1671B850D2F0015EE4D /* MessagesViewController.h */,
				FDDFB1681B850D2F0015EE4D /* MessagesViewController.m */,
				FD22A6661B824FB9001C30E4 /* Images.xcassets */,
				FD22A6681B824FB9001C30E4 /* LaunchScreen.xib */,
				FD22A6591B824FB8001C30E4 /* Supporting Files */,
			);
			path = Share;
			sourceTree = "<group>";
		};
		FD22A6591B824FB8001C30E4 /* Supporting Files */ = {
			isa = PBXGroup;
			children = (
				FD22A69B1B8290E1001C30E4 /* Parse */,
				FD22A6941B828EE0001C30E4 /* Facebook */,
				FD22A65A1B824FB8001C30E4 /* Info.plist */,
				FD22A65B1B824FB8001C30E4 /* main.m */,
			);
			name = "Supporting Files";
			sourceTree = "<group>";
		};
		FD22A6721B824FB9001C30E4 /* ShareTests */ = {
			isa = PBXGroup;
			children = (
				FD22A6751B824FB9001C30E4 /* ShareTests.m */,
				FD22A6731B824FB9001C30E4 /* Supporting Files */,
			);
			path = ShareTests;
			sourceTree = "<group>";
		};
		FD22A6731B824FB9001C30E4 /* Supporting Files */ = {
			isa = PBXGroup;
			children = (
				FD22A6741B824FB9001C30E4 /* Info.plist */,
			);
			name = "Supporting Files";
			sourceTree = "<group>";
		};
		FD22A6941B828EE0001C30E4 /* Facebook */ = {
			isa = PBXGroup;
			children = (
				FD22A6951B828EFD001C30E4 /* FBSDKCoreKit.framework */,
				FD22A6961B828EFD001C30E4 /* FBSDKLoginKit.framework */,
				FD22A6971B828EFD001C30E4 /* FBSDKShareKit.framework */,
			);
			name = Facebook;
			sourceTree = "<group>";
		};
		FD22A69B1B8290E1001C30E4 /* Parse */ = {
			isa = PBXGroup;
			children = (
				FD22A69C1B829189001C30E4 /* Bolts.framework */,
				FD22A69D1B829189001C30E4 /* Parse.framework */,
				FD22A6C21B829720001C30E4 /* AudioToolbox.framework */,
				FD22A6C01B8296E4001C30E4 /* libsqlite3.dylib */,
				FD22A6BE1B8296D4001C30E4 /* libz.dylib */,
				FD22A6BC1B8296BB001C30E4 /* SystemConfiguration.framework */,
				FD22A6BA1B8296AA001C30E4 /* StoreKit.framework */,
				FD22A6B81B82969F001C30E4 /* Social.framework */,
				FD22A6B61B829695001C30E4 /* Security.framework */,
				FD22A6B41B82968C001C30E4 /* QuartzCore.framework */,
				FD22A6B21B82967E001C30E4 /* CoreLocation.framework */,
				FD22A6B01B829676001C30E4 /* CoreGraphics.framework */,
				FD22A6AE1B82966E001C30E4 /* CFNetwork.framework */,
				FD22A6AC1B829653001C30E4 /* Accounts.framework */,
				FD22A67F1B825EBD001C30E4 /* MapKit.framework */,
				FD22A6AA1B82956E001C30E4 /* ParseFacebookUtilsV4.framework */,
				FD22A69E1B829189001C30E4 /* ParseCrashReporting.framework */,
				FD22A6A01B829189001C30E4 /* ParseFacebookUtilsV4.framework */,
				FD22A69F1B829189001C30E4 /* ParseFacebookUtils.framework */,
				FD22A6A11B829189001C30E4 /* ParseTwitterUtils.framework */,
				FD22A6A21B829189001C30E4 /* ParseUI.framework */,
			);
			name = Parse;
			path = ..;
			sourceTree = "<group>";
		};
		FD78C6321B95216C0037930F /* AnimationLaunchScreen */ = {
			isa = PBXGroup;
			children = (
				FDB9B9241B93350D00C45EEC /* CustomView.h */,
				FDB9B9251B93350D00C45EEC /* CustomView.m */,
				FDB9B9261B93350D00C45EEC /* QCMethod.h */,
				FDB9B9271B93350D00C45EEC /* QCMethod.m */,
				FDB9B9211B932EB200C45EEC /* LaunchScreenViewController.h */,
				FDB9B9221B932EB200C45EEC /* LaunchScreenViewController.m */,
			);
			name = AnimationLaunchScreen;
			sourceTree = "<group>";
		};
		FDDFB16A1B850D4E0015EE4D /* Model */ = {
			isa = PBXGroup;
			children = (
				FD78C6341B95EC8A0037930F /* SharePostAnnotation.h */,
				FD78C6351B95EC8A0037930F /* SharePostAnnotation.m */,
				FDDFB15C1B8447310015EE4D /* ProfileCollectionViewCell.h */,
				FDDFB15D1B8447310015EE4D /* ProfileCollectionViewCell.m */,
				FD1CC7201B83B794003CE77A /* AllImageCollectionViewCell.m */,
				FD1CC71F1B83B794003CE77A /* AllImageCollectionViewCell.h */,
				FDDFB1621B84DCC60015EE4D /* ProfileTableViewCell.h */,
				FDDFB1631B84DCC60015EE4D /* ProfileTableViewCell.m */,
				FD1CC7191B83A148003CE77A /* SearchTableViewCustomVCell.h */,
				FD1CC71A1B83A148003CE77A /* SearchTableViewCustomVCell.m */,
				FD78C62C1B94CD660037930F /* PFQueryObjects.h */,
				FD78C62D1B94CD660037930F /* PFQueryObjects.m */,
			);
			name = Model;
			sourceTree = "<group>";
		};
/* End PBXGroup section */

/* Begin PBXNativeTarget section */
		FD22A6551B824FB7001C30E4 /* Share */ = {
			isa = PBXNativeTarget;
			buildConfigurationList = FD22A6791B824FB9001C30E4 /* Build configuration list for PBXNativeTarget "Share" */;
			buildPhases = (
				FD22A6521B824FB7001C30E4 /* Sources */,
				FD22A6531B824FB7001C30E4 /* Frameworks */,
				FD22A6541B824FB7001C30E4 /* Resources */,
			);
			buildRules = (
			);
			dependencies = (
			);
			name = Share;
			productName = Share;
			productReference = FD22A6561B824FB8001C30E4 /* Share.app */;
			productType = "com.apple.product-type.application";
		};
		FD22A66E1B824FB9001C30E4 /* ShareTests */ = {
			isa = PBXNativeTarget;
			buildConfigurationList = FD22A67C1B824FB9001C30E4 /* Build configuration list for PBXNativeTarget "ShareTests" */;
			buildPhases = (
				FD22A66B1B824FB9001C30E4 /* Sources */,
				FD22A66C1B824FB9001C30E4 /* Frameworks */,
				FD22A66D1B824FB9001C30E4 /* Resources */,
			);
			buildRules = (
			);
			dependencies = (
				FD22A6711B824FB9001C30E4 /* PBXTargetDependency */,
			);
			name = ShareTests;
			productName = ShareTests;
			productReference = FD22A66F1B824FB9001C30E4 /* ShareTests.xctest */;
			productType = "com.apple.product-type.bundle.unit-test";
		};
/* End PBXNativeTarget section */

/* Begin PBXProject section */
		FD22A64E1B824FB7001C30E4 /* Project object */ = {
			isa = PBXProject;
			attributes = {
				LastUpgradeCheck = 0640;
				ORGANIZATIONNAME = "Edil Ashimov";
				TargetAttributes = {
					FD22A6551B824FB7001C30E4 = {
						CreatedOnToolsVersion = 6.4;
						DevelopmentTeam = LX84G6PTJX;
					};
					FD22A66E1B824FB9001C30E4 = {
						CreatedOnToolsVersion = 6.4;
						TestTargetID = FD22A6551B824FB7001C30E4;
					};
				};
			};
			buildConfigurationList = FD22A6511B824FB7001C30E4 /* Build configuration list for PBXProject "Share" */;
			compatibilityVersion = "Xcode 3.2";
			developmentRegion = English;
			hasScannedForEncodings = 0;
			knownRegions = (
				en,
				Base,
			);
			mainGroup = FD22A64D1B824FB7001C30E4;
			productRefGroup = FD22A6571B824FB8001C30E4 /* Products */;
			projectDirPath = "";
			projectRoot = "";
			targets = (
				FD22A6551B824FB7001C30E4 /* Share */,
				FD22A66E1B824FB9001C30E4 /* ShareTests */,
			);
		};
/* End PBXProject section */

/* Begin PBXResourcesBuildPhase section */
		FD22A6541B824FB7001C30E4 /* Resources */ = {
			isa = PBXResourcesBuildPhase;
			buildActionMask = 2147483647;
			files = (
				FD22A6651B824FB9001C30E4 /* Main.storyboard in Resources */,
				FD22A66A1B824FB9001C30E4 /* LaunchScreen.xib in Resources */,
				FD22A6671B824FB9001C30E4 /* Images.xcassets in Resources */,
			);
			runOnlyForDeploymentPostprocessing = 0;
		};
		FD22A66D1B824FB9001C30E4 /* Resources */ = {
			isa = PBXResourcesBuildPhase;
			buildActionMask = 2147483647;
			files = (
			);
			runOnlyForDeploymentPostprocessing = 0;
		};
/* End PBXResourcesBuildPhase section */

/* Begin PBXSourcesBuildPhase section */
		FD22A6521B824FB7001C30E4 /* Sources */ = {
			isa = PBXSourcesBuildPhase;
			buildActionMask = 2147483647;
			files = (
				FD22A6901B827E7B001C30E4 /* LogInViewController.m in Sources */,
				FD1CC71B1B83A148003CE77A /* SearchTableViewCustomVCell.m in Sources */,
				FD78C66B1B9692FE0037930F /* ProfileSettingsViewController.m in Sources */,
				FD1CC71E1B83B731003CE77A /* AllImagesViewController.m in Sources */,
				FD22A65F1B824FB8001C30E4 /* AppDelegate.m in Sources */,
				FD1CC7151B8397C7003CE77A /* SearchPostsViewController.m in Sources */,
				1971F3C01B828D3200877FEC /* MapViewController.m in Sources */,
				FD78C62E1B94CD660037930F /* PFQueryObjects.m in Sources */,
				FDDFB1691B850D2F0015EE4D /* MessagesViewController.m in Sources */,
				FD5788E61B8BEE5700CDD962 /* ShareItViewController.m in Sources */,
				1971F3BD1B8289B900877FEC /* CategoriesViewController.m in Sources */,
				FDB9B9231B932EB200C45EEC /* LaunchScreenViewController.m in Sources */,
				FD22A6C91B82C831001C30E4 /* SignUpViewController.m in Sources */,
				FDB9B9281B93350D00C45EEC /* CustomView.m in Sources */,
				FDDFB1641B84DCC60015EE4D /* ProfileTableViewCell.m in Sources */,
				FDB9B9291B93350D00C45EEC /* QCMethod.m in Sources */,
				FDDFB1611B84474F0015EE4D /* ProfileViewController.m in Sources */,
				FDB9B8261B90CB1500C45EEC /* DetailPostInformationViewController.m in Sources */,
				FD1CC7211B83B794003CE77A /* AllImageCollectionViewCell.m in Sources */,
				FDDFB15E1B8447310015EE4D /* ProfileCollectionViewCell.m in Sources */,
				FD22A65C1B824FB8001C30E4 /* main.m in Sources */,
				FD78C6361B95EC8A0037930F /* SharePostAnnotation.m in Sources */,
			);
			runOnlyForDeploymentPostprocessing = 0;
		};
		FD22A66B1B824FB9001C30E4 /* Sources */ = {
			isa = PBXSourcesBuildPhase;
			buildActionMask = 2147483647;
			files = (
				FD22A6761B824FB9001C30E4 /* ShareTests.m in Sources */,
			);
			runOnlyForDeploymentPostprocessing = 0;
		};
/* End PBXSourcesBuildPhase section */

/* Begin PBXTargetDependency section */
		FD22A6711B824FB9001C30E4 /* PBXTargetDependency */ = {
			isa = PBXTargetDependency;
			target = FD22A6551B824FB7001C30E4 /* Share */;
			targetProxy = FD22A6701B824FB9001C30E4 /* PBXContainerItemProxy */;
		};
/* End PBXTargetDependency section */

/* Begin PBXVariantGroup section */
		FD22A6631B824FB8001C30E4 /* Main.storyboard */ = {
			isa = PBXVariantGroup;
			children = (
				FD22A6641B824FB8001C30E4 /* Base */,
			);
			name = Main.storyboard;
			sourceTree = "<group>";
		};
		FD22A6681B824FB9001C30E4 /* LaunchScreen.xib */ = {
			isa = PBXVariantGroup;
			children = (
				FD22A6691B824FB9001C30E4 /* Base */,
			);
			name = LaunchScreen.xib;
			sourceTree = "<group>";
		};
/* End PBXVariantGroup section */

/* Begin XCBuildConfiguration section */
		FD22A6771B824FB9001C30E4 /* Debug */ = {
			isa = XCBuildConfiguration;
			buildSettings = {
				ALWAYS_SEARCH_USER_PATHS = NO;
				CLANG_CXX_LANGUAGE_STANDARD = "gnu++0x";
				CLANG_CXX_LIBRARY = "libc++";
				CLANG_ENABLE_MODULES = YES;
				CLANG_ENABLE_OBJC_ARC = YES;
				CLANG_WARN_BOOL_CONVERSION = YES;
				CLANG_WARN_CONSTANT_CONVERSION = YES;
				CLANG_WARN_DIRECT_OBJC_ISA_USAGE = YES_ERROR;
				CLANG_WARN_EMPTY_BODY = YES;
				CLANG_WARN_ENUM_CONVERSION = YES;
				CLANG_WARN_INT_CONVERSION = YES;
				CLANG_WARN_OBJC_ROOT_CLASS = YES_ERROR;
				CLANG_WARN_UNREACHABLE_CODE = YES;
				CLANG_WARN__DUPLICATE_METHOD_MATCH = YES;
				"CODE_SIGN_IDENTITY[sdk=iphoneos*]" = "iPhone Developer";
				COPY_PHASE_STRIP = NO;
				DEBUG_INFORMATION_FORMAT = "dwarf-with-dsym";
				ENABLE_STRICT_OBJC_MSGSEND = YES;
				GCC_C_LANGUAGE_STANDARD = gnu99;
				GCC_DYNAMIC_NO_PIC = NO;
				GCC_NO_COMMON_BLOCKS = YES;
				GCC_OPTIMIZATION_LEVEL = 0;
				GCC_PREPROCESSOR_DEFINITIONS = (
					"DEBUG=1",
					"$(inherited)",
				);
				GCC_SYMBOLS_PRIVATE_EXTERN = NO;
				GCC_WARN_64_TO_32_BIT_CONVERSION = YES;
				GCC_WARN_ABOUT_RETURN_TYPE = YES_ERROR;
				GCC_WARN_UNDECLARED_SELECTOR = YES;
				GCC_WARN_UNINITIALIZED_AUTOS = YES_AGGRESSIVE;
				GCC_WARN_UNUSED_FUNCTION = YES;
				GCC_WARN_UNUSED_VARIABLE = YES;
				IPHONEOS_DEPLOYMENT_TARGET = 8.4;
				MTL_ENABLE_DEBUG_INFO = YES;
				ONLY_ACTIVE_ARCH = YES;
				SDKROOT = iphoneos;
			};
			name = Debug;
		};
		FD22A6781B824FB9001C30E4 /* Release */ = {
			isa = XCBuildConfiguration;
			buildSettings = {
				ALWAYS_SEARCH_USER_PATHS = NO;
				CLANG_CXX_LANGUAGE_STANDARD = "gnu++0x";
				CLANG_CXX_LIBRARY = "libc++";
				CLANG_ENABLE_MODULES = YES;
				CLANG_ENABLE_OBJC_ARC = YES;
				CLANG_WARN_BOOL_CONVERSION = YES;
				CLANG_WARN_CONSTANT_CONVERSION = YES;
				CLANG_WARN_DIRECT_OBJC_ISA_USAGE = YES_ERROR;
				CLANG_WARN_EMPTY_BODY = YES;
				CLANG_WARN_ENUM_CONVERSION = YES;
				CLANG_WARN_INT_CONVERSION = YES;
				CLANG_WARN_OBJC_ROOT_CLASS = YES_ERROR;
				CLANG_WARN_UNREACHABLE_CODE = YES;
				CLANG_WARN__DUPLICATE_METHOD_MATCH = YES;
				"CODE_SIGN_IDENTITY[sdk=iphoneos*]" = "iPhone Developer";
				COPY_PHASE_STRIP = NO;
				DEBUG_INFORMATION_FORMAT = "dwarf-with-dsym";
				ENABLE_NS_ASSERTIONS = NO;
				ENABLE_STRICT_OBJC_MSGSEND = YES;
				GCC_C_LANGUAGE_STANDARD = gnu99;
				GCC_NO_COMMON_BLOCKS = YES;
				GCC_WARN_64_TO_32_BIT_CONVERSION = YES;
				GCC_WARN_ABOUT_RETURN_TYPE = YES_ERROR;
				GCC_WARN_UNDECLARED_SELECTOR = YES;
				GCC_WARN_UNINITIALIZED_AUTOS = YES_AGGRESSIVE;
				GCC_WARN_UNUSED_FUNCTION = YES;
				GCC_WARN_UNUSED_VARIABLE = YES;
				IPHONEOS_DEPLOYMENT_TARGET = 8.4;
				MTL_ENABLE_DEBUG_INFO = NO;
				SDKROOT = iphoneos;
				VALIDATE_PRODUCT = YES;
			};
			name = Release;
		};
		FD22A67A1B824FB9001C30E4 /* Debug */ = {
			isa = XCBuildConfiguration;
			buildSettings = {
				ASSETCATALOG_COMPILER_APPICON_NAME = AppIcon;
				CODE_SIGN_IDENTITY = "iPhone Developer";
				FRAMEWORK_SEARCH_PATHS = (
					"$(inherited)",
					"$(PROJECT_DIR)",
					"/Users/edilashimov/Downloads/FacebookSDKs-iOS-20150813",
					"/Users/edilashimov/Downloads/FacebookSDKs-iOS-20150813-2",
					"/Users/jimlisa/Downloads/FacebookSDKs-iOS-20150813-2",
					"$(PROJECT_DIR)/Share",
				);
				INFOPLIST_FILE = Share/Info.plist;
				IPHONEOS_DEPLOYMENT_TARGET = 8.0;
				LD_RUNPATH_SEARCH_PATHS = "$(inherited) @executable_path/Frameworks";
				PRODUCT_NAME = "$(TARGET_NAME)";
			};
			name = Debug;
		};
		FD22A67B1B824FB9001C30E4 /* Release */ = {
			isa = XCBuildConfiguration;
			buildSettings = {
				ASSETCATALOG_COMPILER_APPICON_NAME = AppIcon;
				CODE_SIGN_IDENTITY = "iPhone Developer";
				FRAMEWORK_SEARCH_PATHS = (
					"$(inherited)",
					"$(PROJECT_DIR)",
					"/Users/edilashimov/Downloads/FacebookSDKs-iOS-20150813",
					"/Users/edilashimov/Downloads/FacebookSDKs-iOS-20150813-2",
					"/Users/jimlisa/Downloads/FacebookSDKs-iOS-20150813-2",
					"$(PROJECT_DIR)/Share",
				);
				INFOPLIST_FILE = Share/Info.plist;
				IPHONEOS_DEPLOYMENT_TARGET = 8.0;
				LD_RUNPATH_SEARCH_PATHS = "$(inherited) @executable_path/Frameworks";
				PRODUCT_NAME = "$(TARGET_NAME)";
			};
			name = Release;
		};
		FD22A67D1B824FB9001C30E4 /* Debug */ = {
			isa = XCBuildConfiguration;
			buildSettings = {
				BUNDLE_LOADER = "$(TEST_HOST)";
				FRAMEWORK_SEARCH_PATHS = (
					"$(SDKROOT)/Developer/Library/Frameworks",
					"$(inherited)",
				);
				GCC_PREPROCESSOR_DEFINITIONS = (
					"DEBUG=1",
					"$(inherited)",
				);
				INFOPLIST_FILE = ShareTests/Info.plist;
				LD_RUNPATH_SEARCH_PATHS = "$(inherited) @executable_path/Frameworks @loader_path/Frameworks";
				PRODUCT_NAME = "$(TARGET_NAME)";
				TEST_HOST = "$(BUILT_PRODUCTS_DIR)/Share.app/Share";
			};
			name = Debug;
		};
		FD22A67E1B824FB9001C30E4 /* Release */ = {
			isa = XCBuildConfiguration;
			buildSettings = {
				BUNDLE_LOADER = "$(TEST_HOST)";
				FRAMEWORK_SEARCH_PATHS = (
					"$(SDKROOT)/Developer/Library/Frameworks",
					"$(inherited)",
				);
				INFOPLIST_FILE = ShareTests/Info.plist;
				LD_RUNPATH_SEARCH_PATHS = "$(inherited) @executable_path/Frameworks @loader_path/Frameworks";
				PRODUCT_NAME = "$(TARGET_NAME)";
				TEST_HOST = "$(BUILT_PRODUCTS_DIR)/Share.app/Share";
			};
			name = Release;
		};
/* End XCBuildConfiguration section */

/* Begin XCConfigurationList section */
		FD22A6511B824FB7001C30E4 /* Build configuration list for PBXProject "Share" */ = {
			isa = XCConfigurationList;
			buildConfigurations = (
				FD22A6771B824FB9001C30E4 /* Debug */,
				FD22A6781B824FB9001C30E4 /* Release */,
			);
			defaultConfigurationIsVisible = 0;
			defaultConfigurationName = Release;
		};
		FD22A6791B824FB9001C30E4 /* Build configuration list for PBXNativeTarget "Share" */ = {
			isa = XCConfigurationList;
			buildConfigurations = (
				FD22A67A1B824FB9001C30E4 /* Debug */,
				FD22A67B1B824FB9001C30E4 /* Release */,
			);
			defaultConfigurationIsVisible = 0;
			defaultConfigurationName = Release;
		};
		FD22A67C1B824FB9001C30E4 /* Build configuration list for PBXNativeTarget "ShareTests" */ = {
			isa = XCConfigurationList;
			buildConfigurations = (
				FD22A67D1B824FB9001C30E4 /* Debug */,
				FD22A67E1B824FB9001C30E4 /* Release */,
			);
			defaultConfigurationIsVisible = 0;
			defaultConfigurationName = Release;
		};
/* End XCConfigurationList section */
	};
	rootObject = FD22A64E1B824FB7001C30E4 /* Project object */;
}
